
Microsoft Visual Studio Solution File, Format Version 12.00
# Visual Studio 14
VisualStudioVersion = 14.0.25420.1
MinimumVisualStudioVersion = 10.0.40219.1
Project("{FAE04EC0-301F-11D3-BF4B-00C04F79EFBC}") = "TaskManagementSystem", "TaskManagementSystem\TaskManagementSystem.csproj", "{4419239F-1369-4698-87A5-88FE7A9168D3}"
EndProject
Project("{2150E333-8FDC-42A3-9474-1A3956D46DE8}") = "ProjectLibrary", "ProjectLibrary", "{778681CE-22DE-4254-8D5A-C816E2E000BC}"
EndProject
Project("{FAE04EC0-301F-11D3-BF4B-00C04F79EFBC}") = "TaskManagementDBLibrary", "TaskManagementDBLibrary\TaskManagementDBLibrary.csproj", "{2C9023B8-AB28-428B-B666-0C7E44259B94}"
EndProject
Global
	GlobalSection(SolutionConfigurationPlatforms) = preSolution
		Debug|Any CPU = Debug|Any CPU
		Release|Any CPU = Release|Any CPU
	EndGlobalSection
	GlobalSection(ProjectConfigurationPlatforms) = postSolution
		{4419239F-1369-4698-87A5-88FE7A9168D3}.Debug|Any CPU.ActiveCfg = Debug|Any CPU
		{4419239F-1369-4698-87A5-88FE7A9168D3}.Debug|Any CPU.Build.0 = Debug|Any CPU
		{4419239F-1369-4698-87A5-88FE7A9168D3}.Release|Any CPU.ActiveCfg = Release|Any CPU
		{4419239F-1369-4698-87A5-88FE7A9168D3}.Release|Any CPU.Build.0 = Release|Any CPU
		{2C9023B8-AB28-428B-B666-0C7E44259B94}.Debug|Any CPU.ActiveCfg = Debug|Any CPU
		{2C9023B8-AB28-428B-B666-0C7E44259B94}.Debug|Any CPU.Build.0 = Debug|Any CPU
		{2C9023B8-AB28-428B-B666-0C7E44259B94}.Release|Any CPU.ActiveCfg = Release|Any CPU
		{2C9023B8-AB28-428B-B666-0C7E44259B94}.Release|Any CPU.Build.0 = Release|Any CPU
	EndGlobalSection
	GlobalSection(SolutionProperties) = preSolution
		HideSolutionNode = FALSE
	EndGlobalSection
	GlobalSection(NestedProjects) = preSolution
		{2C9023B8-AB28-428B-B666-0C7E44259B94} = {778681CE-22DE-4254-8D5A-C816E2E000BC}
	EndGlobalSection
EndGlobal
